
Microsoft Visual Studio Solution File, Format Version 12.00
# Visual Studio Version 17
VisualStudioVersion = 17.0.31919.166
MinimumVisualStudioVersion = 10.0.40219.1
Project("{FAE04EC0-301F-11D3-BF4B-00C04F79EFBC}") = "BankEncapsulationExerciseConsole", "BankEncapsulationExerciseConsole\BankEncapsulationExerciseConsole.csproj", "{5BDE894E-5EF0-4C49-8F8B-20F8737D1FEA}"
EndProject
Global
	GlobalSection(SolutionConfigurationPlatforms) = preSolution
		Debug|Any CPU = Debug|Any CPU
		Release|Any CPU = Release|Any CPU
	EndGlobalSection
	GlobalSection(ProjectConfigurationPlatforms) = postSolution
		{5BDE894E-5EF0-4C49-8F8B-20F8737D1FEA}.Debug|Any CPU.ActiveCfg = Debug|Any CPU
		{5BDE894E-5EF0-4C49-8F8B-20F8737D1FEA}.Debug|Any CPU.Build.0 = Debug|Any CPU
		{5BDE894E-5EF0-4C49-8F8B-20F8737D1FEA}.Release|Any CPU.ActiveCfg = Release|Any CPU
		{5BDE894E-5EF0-4C49-8F8B-20F8737D1FEA}.Release|Any CPU.Build.0 = Release|Any CPU
	EndGlobalSection
	GlobalSection(SolutionProperties) = preSolution
		HideSolutionNode = FALSE
	EndGlobalSection
	GlobalSection(ExtensibilityGlobals) = postSolution
		SolutionGuid = {39367D48-BE77-4F9A-8DDE-B02D2954529D}
	EndGlobalSection
EndGlobal
